
Microsoft Visual Studio Solution File, Format Version 12.00
# Visual Studio Version 17
VisualStudioVersion = 17.7.34221.43
MinimumVisualStudioVersion = 10.0.40219.1
Project("{FAE04EC0-301F-11D3-BF4B-00C04F79EFBC}") = "RazorPagesMovie", "RazorPagesMovie\RazorPagesMovie.csproj", "{C16C49D9-8D33-4255-A2D7-321BE9DC7EF7}"
EndProject
Global
	GlobalSection(SolutionConfigurationPlatforms) = preSolution
		Debug|Any CPU = Debug|Any CPU
		Release|Any CPU = Release|Any CPU
	EndGlobalSection
	GlobalSection(ProjectConfigurationPlatforms) = postSolution
		{C16C49D9-8D33-4255-A2D7-321BE9DC7EF7}.Debug|Any CPU.ActiveCfg = Debug|Any CPU
		{C16C49D9-8D33-4255-A2D7-321BE9DC7EF7}.Debug|Any CPU.Build.0 = Debug|Any CPU
		{C16C49D9-8D33-4255-A2D7-321BE9DC7EF7}.Release|Any CPU.ActiveCfg = Release|Any CPU
		{C16C49D9-8D33-4255-A2D7-321BE9DC7EF7}.Release|Any CPU.Build.0 = Release|Any CPU
	EndGlobalSection
	GlobalSection(SolutionProperties) = preSolution
		HideSolutionNode = FALSE
	EndGlobalSection
	GlobalSection(ExtensibilityGlobals) = postSolution
		SolutionGuid = {6CE184BE-4668-43C7-BC40-4BE4EDFEE92F}
	EndGlobalSection
EndGlobal
